
Microsoft Visual Studio Solution File, Format Version 12.00
# Visual Studio Version 16
VisualStudioVersion = 16.0.809.0
MinimumVisualStudioVersion = 10.0.40219.1
Project("{9A19103F-16F7-4668-BE54-9A1E7A4F7556}") = "IdentityServerAPI", "IdentityServerAPI\IdentityServerAPI.csproj", "{05E4FBD3-CC5C-49BF-B451-9EA7607CBF61}"
EndProject
Project("{9A19103F-16F7-4668-BE54-9A1E7A4F7556}") = "Domain", "Domain\Domain.csproj", "{D65CB4B7-6333-48E3-890B-C63F93FE490C}"
EndProject
Project("{9A19103F-16F7-4668-BE54-9A1E7A4F7556}") = "IdentityServerCore", "IdentityServerCore\IdentityServerCore.csproj", "{F7BA9381-534B-4697-8FF9-94AC54250619}"
EndProject
Project("{2150E333-8FDC-42A3-9474-1A3956D46DE8}") = "ApiGateways", "ApiGateways", "{8F7C75DB-F1F9-485A-81A0-A06D011B7FA2}"
EndProject
Project("{9A19103F-16F7-4668-BE54-9A1E7A4F7556}") = "Infrastructure", "Infrastructure\Infrastructure.csproj", "{A8937F40-F337-4FC5-B973-716E8A468FB4}"
EndProject
Project("{2150E333-8FDC-42A3-9474-1A3956D46DE8}") = "Apis", "Apis", "{C6E72E45-DBDE-4D9B-A4FB-5C7DA840909A}"
EndProject
Project("{FAE04EC0-301F-11D3-BF4B-00C04F79EFBC}") = "MvcClient", "MvcClient\MvcClient.csproj", "{842D07AB-7202-4CAC-A912-9D7F1E812CB9}"
EndProject
Global
	GlobalSection(SolutionConfigurationPlatforms) = preSolution
		Debug|Any CPU = Debug|Any CPU
		Release|Any CPU = Release|Any CPU
	EndGlobalSection
	GlobalSection(ProjectConfigurationPlatforms) = postSolution
		{05E4FBD3-CC5C-49BF-B451-9EA7607CBF61}.Debug|Any CPU.ActiveCfg = Debug|Any CPU
		{05E4FBD3-CC5C-49BF-B451-9EA7607CBF61}.Debug|Any CPU.Build.0 = Debug|Any CPU
		{05E4FBD3-CC5C-49BF-B451-9EA7607CBF61}.Release|Any CPU.ActiveCfg = Release|Any CPU
		{05E4FBD3-CC5C-49BF-B451-9EA7607CBF61}.Release|Any CPU.Build.0 = Release|Any CPU
		{D65CB4B7-6333-48E3-890B-C63F93FE490C}.Debug|Any CPU.ActiveCfg = Debug|Any CPU
		{D65CB4B7-6333-48E3-890B-C63F93FE490C}.Debug|Any CPU.Build.0 = Debug|Any CPU
		{D65CB4B7-6333-48E3-890B-C63F93FE490C}.Release|Any CPU.ActiveCfg = Release|Any CPU
		{D65CB4B7-6333-48E3-890B-C63F93FE490C}.Release|Any CPU.Build.0 = Release|Any CPU
		{F7BA9381-534B-4697-8FF9-94AC54250619}.Debug|Any CPU.ActiveCfg = Debug|Any CPU
		{F7BA9381-534B-4697-8FF9-94AC54250619}.Debug|Any CPU.Build.0 = Debug|Any CPU
		{F7BA9381-534B-4697-8FF9-94AC54250619}.Release|Any CPU.ActiveCfg = Release|Any CPU
		{F7BA9381-534B-4697-8FF9-94AC54250619}.Release|Any CPU.Build.0 = Release|Any CPU
		{A8937F40-F337-4FC5-B973-716E8A468FB4}.Debug|Any CPU.ActiveCfg = Debug|Any CPU
		{A8937F40-F337-4FC5-B973-716E8A468FB4}.Debug|Any CPU.Build.0 = Debug|Any CPU
		{A8937F40-F337-4FC5-B973-716E8A468FB4}.Release|Any CPU.ActiveCfg = Release|Any CPU
		{A8937F40-F337-4FC5-B973-716E8A468FB4}.Release|Any CPU.Build.0 = Release|Any CPU
		{842D07AB-7202-4CAC-A912-9D7F1E812CB9}.Debug|Any CPU.ActiveCfg = Debug|Any CPU
		{842D07AB-7202-4CAC-A912-9D7F1E812CB9}.Debug|Any CPU.Build.0 = Debug|Any CPU
		{842D07AB-7202-4CAC-A912-9D7F1E812CB9}.Release|Any CPU.ActiveCfg = Release|Any CPU
		{842D07AB-7202-4CAC-A912-9D7F1E812CB9}.Release|Any CPU.Build.0 = Release|Any CPU
	EndGlobalSection
	GlobalSection(SolutionProperties) = preSolution
		HideSolutionNode = FALSE
	EndGlobalSection
	GlobalSection(ExtensibilityGlobals) = postSolution
		SolutionGuid = {53E8206B-1A8F-45ED-A054-33047D93E9D6}
	EndGlobalSection
EndGlobal
