
Microsoft Visual Studio Solution File, Format Version 12.00
# Visual Studio Version 16
VisualStudioVersion = 16.0.809.0
MinimumVisualStudioVersion = 10.0.40219.1
Project("{FAE04EC0-301F-11D3-BF4B-00C04F79EFBC}") = "IdentityServerAPI", "IdentityServerAPI\IdentityServerAPI.csproj", "{58A70041-40C9-43AD-AC6D-69100AA3D402}"
EndProject
Global
	GlobalSection(SolutionConfigurationPlatforms) = preSolution
		Debug|Any CPU = Debug|Any CPU
		Release|Any CPU = Release|Any CPU
	EndGlobalSection
	GlobalSection(ProjectConfigurationPlatforms) = postSolution
		{58A70041-40C9-43AD-AC6D-69100AA3D402}.Debug|Any CPU.ActiveCfg = Debug|Any CPU
		{58A70041-40C9-43AD-AC6D-69100AA3D402}.Debug|Any CPU.Build.0 = Debug|Any CPU
		{58A70041-40C9-43AD-AC6D-69100AA3D402}.Release|Any CPU.ActiveCfg = Release|Any CPU
		{58A70041-40C9-43AD-AC6D-69100AA3D402}.Release|Any CPU.Build.0 = Release|Any CPU
	EndGlobalSection
	GlobalSection(SolutionProperties) = preSolution
		HideSolutionNode = FALSE
	EndGlobalSection
	GlobalSection(ExtensibilityGlobals) = postSolution
		SolutionGuid = {53E8206B-1A8F-45ED-A054-33047D93E9D6}
	EndGlobalSection
EndGlobal
